
Microsoft Visual Studio Solution File, Format Version 12.00
# Visual Studio Version 17
VisualStudioVersion = 17.11.35303.130
MinimumVisualStudioVersion = 10.0.40219.1
Project("{FAE04EC0-301F-11D3-BF4B-00C04F79EFBC}") = "Circle", "Circle.csproj", "{40F74E29-C525-45C3-BD13-7410ECC71948}"
EndProject
Global
	GlobalSection(SolutionConfigurationPlatforms) = preSolution
		Debug|Any CPU = Debug|Any CPU
		Release|Any CPU = Release|Any CPU
	EndGlobalSection
	GlobalSection(ProjectConfigurationPlatforms) = postSolution
		{40F74E29-C525-45C3-BD13-7410ECC71948}.Debug|Any CPU.ActiveCfg = Debug|Any CPU
		{40F74E29-C525-45C3-BD13-7410ECC71948}.Debug|Any CPU.Build.0 = Debug|Any CPU
		{40F74E29-C525-45C3-BD13-7410ECC71948}.Release|Any CPU.ActiveCfg = Release|Any CPU
		{40F74E29-C525-45C3-BD13-7410ECC71948}.Release|Any CPU.Build.0 = Release|Any CPU
	EndGlobalSection
	GlobalSection(SolutionProperties) = preSolution
		HideSolutionNode = FALSE
	EndGlobalSection
	GlobalSection(ExtensibilityGlobals) = postSolution
		SolutionGuid = {F0ABD5E5-3D6E-4F13-96C5-BAE24E7E883E}
	EndGlobalSection
EndGlobal
